Microsoft Visual Studio Solution File, Format Version 12.00
# Visual Studio Version 17
VisualStudioVersion = 17.13.35818.85
MinimumVisualStudioVersion = 10.0.40219.1
Project("{FAE04EC0-301F-11D3-BF4B-00C04F79EFBC}") = "Smokers", "Smokers\Smokers.csproj", "{18D156EF-1A13-4C9F-8B4C-8415B524C780}"
EndProject
Global
	GlobalSection(SolutionConfigurationPlatforms) = preSolution
		Debug|Any CPU = Debug|Any CPU
		Release|Any CPU = Release|Any CPU
	EndGlobalSection
	GlobalSection(ProjectConfigurationPlatforms) = postSolution
		{18D156EF-1A13-4C9F-8B4C-8415B524C780}.Debug|Any CPU.ActiveCfg = Debug|Any CPU
		{18D156EF-1A13-4C9F-8B4C-8415B524C780}.Debug|Any CPU.Build.0 = Debug|Any CPU
		{18D156EF-1A13-4C9F-8B4C-8415B524C780}.Release|Any CPU.ActiveCfg = Release|Any CPU
		{18D156EF-1A13-4C9F-8B4C-8415B524C780}.Release|Any CPU.Build.0 = Release|Any CPU
	EndGlobalSection
	GlobalSection(SolutionProperties) = preSolution
		HideSolutionNode = FALSE
	EndGlobalSection
	GlobalSection(ExtensibilityGlobals) = postSolution
		SolutionGuid = {FBDE7711-0681-430D-9434-85DEE2F9CD9F}
	EndGlobalSection
EndGlobal
